
Microsoft Visual Studio Solution File, Format Version 12.00
# Visual Studio Version 17
VisualStudioVersion = 17.4.33403.182
MinimumVisualStudioVersion = 10.0.40219.1
Project("{FAE04EC0-301F-11D3-BF4B-00C04F79EFBC}") = "SentimentAnalysisWebAPI", "SentimentAnalysisWebAPI.csproj", "{5651E735-AD5E-4E9A-91C4-43F81416922B}"
EndProject
Global
	GlobalSection(SolutionConfigurationPlatforms) = preSolution
		Debug|Any CPU = Debug|Any CPU
		Release|Any CPU = Release|Any CPU
	EndGlobalSection
	GlobalSection(ProjectConfigurationPlatforms) = postSolution
		{5651E735-AD5E-4E9A-91C4-43F81416922B}.Debug|Any CPU.ActiveCfg = Debug|Any CPU
		{5651E735-AD5E-4E9A-91C4-43F81416922B}.Debug|Any CPU.Build.0 = Debug|Any CPU
		{5651E735-AD5E-4E9A-91C4-43F81416922B}.Release|Any CPU.ActiveCfg = Release|Any CPU
		{5651E735-AD5E-4E9A-91C4-43F81416922B}.Release|Any CPU.Build.0 = Release|Any CPU
	EndGlobalSection
	GlobalSection(SolutionProperties) = preSolution
		HideSolutionNode = FALSE
	EndGlobalSection
	GlobalSection(ExtensibilityGlobals) = postSolution
		SolutionGuid = {64118AB8-63A8-4CCB-B55F-C3A4198FCD0F}
	EndGlobalSection
EndGlobal
